
Microsoft Visual Studio Solution File, Format Version 12.00
# Visual Studio 14
VisualStudioVersion = 14.0.25420.1
MinimumVisualStudioVersion = 10.0.40219.1
Project("{FAE04EC0-301F-11D3-BF4B-00C04F79EFBC}") = "CarApp", "CarApp\CarApp.csproj", "{8293BBDC-C11B-4566-A368-655CE35959DA}"
EndProject
Project("{FAE04EC0-301F-11D3-BF4B-00C04F79EFBC}") = "MuunninApp", "MuunninApp\MuunninApp.csproj", "{26DF0147-054F-43B9-9A49-940785CE9270}"
EndProject
Project("{FAE04EC0-301F-11D3-BF4B-00C04F79EFBC}") = "WindowApp", "WindowApp\WindowApp.csproj", "{CA135712-E7A9-40BC-BF21-F5DDD237549B}"
EndProject
Global
	GlobalSection(SolutionConfigurationPlatforms) = preSolution
		Debug|ARM = Debug|ARM
		Debug|x64 = Debug|x64
		Debug|x86 = Debug|x86
		Release|ARM = Release|ARM
		Release|x64 = Release|x64
		Release|x86 = Release|x86
	EndGlobalSection
	GlobalSection(ProjectConfigurationPlatforms) = postSolution
		{8293BBDC-C11B-4566-A368-655CE35959DA}.Debug|ARM.ActiveCfg = Debug|ARM
		{8293BBDC-C11B-4566-A368-655CE35959DA}.Debug|ARM.Build.0 = Debug|ARM
		{8293BBDC-C11B-4566-A368-655CE35959DA}.Debug|ARM.Deploy.0 = Debug|ARM
		{8293BBDC-C11B-4566-A368-655CE35959DA}.Debug|x64.ActiveCfg = Debug|x64
		{8293BBDC-C11B-4566-A368-655CE35959DA}.Debug|x64.Build.0 = Debug|x64
		{8293BBDC-C11B-4566-A368-655CE35959DA}.Debug|x64.Deploy.0 = Debug|x64
		{8293BBDC-C11B-4566-A368-655CE35959DA}.Debug|x86.ActiveCfg = Debug|x86
		{8293BBDC-C11B-4566-A368-655CE35959DA}.Debug|x86.Build.0 = Debug|x86
		{8293BBDC-C11B-4566-A368-655CE35959DA}.Debug|x86.Deploy.0 = Debug|x86
		{8293BBDC-C11B-4566-A368-655CE35959DA}.Release|ARM.ActiveCfg = Release|ARM
		{8293BBDC-C11B-4566-A368-655CE35959DA}.Release|ARM.Build.0 = Release|ARM
		{8293BBDC-C11B-4566-A368-655CE35959DA}.Release|ARM.Deploy.0 = Release|ARM
		{8293BBDC-C11B-4566-A368-655CE35959DA}.Release|x64.ActiveCfg = Release|x64
		{8293BBDC-C11B-4566-A368-655CE35959DA}.Release|x64.Build.0 = Release|x64
		{8293BBDC-C11B-4566-A368-655CE35959DA}.Release|x64.Deploy.0 = Release|x64
		{8293BBDC-C11B-4566-A368-655CE35959DA}.Release|x86.ActiveCfg = Release|x86
		{8293BBDC-C11B-4566-A368-655CE35959DA}.Release|x86.Build.0 = Release|x86
		{8293BBDC-C11B-4566-A368-655CE35959DA}.Release|x86.Deploy.0 = Release|x86
		{26DF0147-054F-43B9-9A49-940785CE9270}.Debug|ARM.ActiveCfg = Debug|ARM
		{26DF0147-054F-43B9-9A49-940785CE9270}.Debug|ARM.Build.0 = Debug|ARM
		{26DF0147-054F-43B9-9A49-940785CE9270}.Debug|ARM.Deploy.0 = Debug|ARM
		{26DF0147-054F-43B9-9A49-940785CE9270}.Debug|x64.ActiveCfg = Debug|x64
		{26DF0147-054F-43B9-9A49-940785CE9270}.Debug|x64.Build.0 = Debug|x64
		{26DF0147-054F-43B9-9A49-940785CE9270}.Debug|x64.Deploy.0 = Debug|x64
		{26DF0147-054F-43B9-9A49-940785CE9270}.Debug|x86.ActiveCfg = Debug|x86
		{26DF0147-054F-43B9-9A49-940785CE9270}.Debug|x86.Build.0 = Debug|x86
		{26DF0147-054F-43B9-9A49-940785CE9270}.Debug|x86.Deploy.0 = Debug|x86
		{26DF0147-054F-43B9-9A49-940785CE9270}.Release|ARM.ActiveCfg = Release|ARM
		{26DF0147-054F-43B9-9A49-940785CE9270}.Release|ARM.Build.0 = Release|ARM
		{26DF0147-054F-43B9-9A49-940785CE9270}.Release|ARM.Deploy.0 = Release|ARM
		{26DF0147-054F-43B9-9A49-940785CE9270}.Release|x64.ActiveCfg = Release|x64
		{26DF0147-054F-43B9-9A49-940785CE9270}.Release|x64.Build.0 = Release|x64
		{26DF0147-054F-43B9-9A49-940785CE9270}.Release|x64.Deploy.0 = Release|x64
		{26DF0147-054F-43B9-9A49-940785CE9270}.Release|x86.ActiveCfg = Release|x86
		{26DF0147-054F-43B9-9A49-940785CE9270}.Release|x86.Build.0 = Release|x86
		{26DF0147-054F-43B9-9A49-940785CE9270}.Release|x86.Deploy.0 = Release|x86
		{CA135712-E7A9-40BC-BF21-F5DDD237549B}.Debug|ARM.ActiveCfg = Debug|ARM
		{CA135712-E7A9-40BC-BF21-F5DDD237549B}.Debug|ARM.Build.0 = Debug|ARM
		{CA135712-E7A9-40BC-BF21-F5DDD237549B}.Debug|ARM.Deploy.0 = Debug|ARM
		{CA135712-E7A9-40BC-BF21-F5DDD237549B}.Debug|x64.ActiveCfg = Debug|x64
		{CA135712-E7A9-40BC-BF21-F5DDD237549B}.Debug|x64.Build.0 = Debug|x64
		{CA135712-E7A9-40BC-BF21-F5DDD237549B}.Debug|x64.Deploy.0 = Debug|x64
		{CA135712-E7A9-40BC-BF21-F5DDD237549B}.Debug|x86.ActiveCfg = Debug|x86
		{CA135712-E7A9-40BC-BF21-F5DDD237549B}.Debug|x86.Build.0 = Debug|x86
		{CA135712-E7A9-40BC-BF21-F5DDD237549B}.Debug|x86.Deploy.0 = Debug|x86
		{CA135712-E7A9-40BC-BF21-F5DDD237549B}.Release|ARM.ActiveCfg = Release|ARM
		{CA135712-E7A9-40BC-BF21-F5DDD237549B}.Release|ARM.Build.0 = Release|ARM
		{CA135712-E7A9-40BC-BF21-F5DDD237549B}.Release|ARM.Deploy.0 = Release|ARM
		{CA135712-E7A9-40BC-BF21-F5DDD237549B}.Release|x64.ActiveCfg = Release|x64
		{CA135712-E7A9-40BC-BF21-F5DDD237549B}.Release|x64.Build.0 = Release|x64
		{CA135712-E7A9-40BC-BF21-F5DDD237549B}.Release|x64.Deploy.0 = Release|x64
		{CA135712-E7A9-40BC-BF21-F5DDD237549B}.Release|x86.ActiveCfg = Release|x86
		{CA135712-E7A9-40BC-BF21-F5DDD237549B}.Release|x86.Build.0 = Release|x86
		{CA135712-E7A9-40BC-BF21-F5DDD237549B}.Release|x86.Deploy.0 = Release|x86
	EndGlobalSection
	GlobalSection(SolutionProperties) = preSolution
		HideSolutionNode = FALSE
	EndGlobalSection
EndGlobal
